
Microsoft Visual Studio Solution File, Format Version 12.00
# Visual Studio Version 17
VisualStudioVersion = 17.1.32210.238
MinimumVisualStudioVersion = 10.0.40219.1
Project("{FAE04EC0-301F-11D3-BF4B-00C04F79EFBC}") = "UC9", "UC9\UC9.csproj", "{BC4958B5-C957-4B4C-B739-7C623047E6BC}"
EndProject
Global
	GlobalSection(SolutionConfigurationPlatforms) = preSolution
		Debug|Any CPU = Debug|Any CPU
		Release|Any CPU = Release|Any CPU
	EndGlobalSection
	GlobalSection(ProjectConfigurationPlatforms) = postSolution
		{BC4958B5-C957-4B4C-B739-7C623047E6BC}.Debug|Any CPU.ActiveCfg = Debug|Any CPU
		{BC4958B5-C957-4B4C-B739-7C623047E6BC}.Debug|Any CPU.Build.0 = Debug|Any CPU
		{BC4958B5-C957-4B4C-B739-7C623047E6BC}.Release|Any CPU.ActiveCfg = Release|Any CPU
		{BC4958B5-C957-4B4C-B739-7C623047E6BC}.Release|Any CPU.Build.0 = Release|Any CPU
	EndGlobalSection
	GlobalSection(SolutionProperties) = preSolution
		HideSolutionNode = FALSE
	EndGlobalSection
	GlobalSection(ExtensibilityGlobals) = postSolution
		SolutionGuid = {A8E3452F-9CDD-4BB7-A564-23BE0D7EE0BC}
	EndGlobalSection
EndGlobal
